
Microsoft Visual Studio Solution File, Format Version 12.00
# Visual Studio Version 16
VisualStudioVersion = 16.0.31613.86
MinimumVisualStudioVersion = 10.0.40219.1
Project("{FAE04EC0-301F-11D3-BF4B-00C04F79EFBC}") = "NestedTryDemo", "NestedTryDemo.csproj", "{56B3DD8F-9A74-4C04-B683-09AAE10BE644}"
EndProject
Global
	GlobalSection(SolutionConfigurationPlatforms) = preSolution
		Debug|Any CPU = Debug|Any CPU
		Release|Any CPU = Release|Any CPU
	EndGlobalSection
	GlobalSection(ProjectConfigurationPlatforms) = postSolution
		{56B3DD8F-9A74-4C04-B683-09AAE10BE644}.Debug|Any CPU.ActiveCfg = Debug|Any CPU
		{56B3DD8F-9A74-4C04-B683-09AAE10BE644}.Debug|Any CPU.Build.0 = Debug|Any CPU
		{56B3DD8F-9A74-4C04-B683-09AAE10BE644}.Release|Any CPU.ActiveCfg = Release|Any CPU
		{56B3DD8F-9A74-4C04-B683-09AAE10BE644}.Release|Any CPU.Build.0 = Release|Any CPU
	EndGlobalSection
	GlobalSection(SolutionProperties) = preSolution
		HideSolutionNode = FALSE
	EndGlobalSection
	GlobalSection(ExtensibilityGlobals) = postSolution
		SolutionGuid = {A43CB041-B0C6-43CD-98C2-3ECE938847E9}
	EndGlobalSection
EndGlobal
